
Microsoft Visual Studio Solution File, Format Version 12.00
# Visual Studio Version 17
VisualStudioVersion = 17.13.35931.197 d17.13
MinimumVisualStudioVersion = 10.0.40219.1
Project("{FAE04EC0-301F-11D3-BF4B-00C04F79EFBC}") = "BibliotecaFazCoisas", "BibliotecaFazCoisas.csproj", "{46FBD4C9-611D-47DA-A579-85C666CD7CAC}"
EndProject
Global
	GlobalSection(SolutionConfigurationPlatforms) = preSolution
		Debug|Any CPU = Debug|Any CPU
		Release|Any CPU = Release|Any CPU
	EndGlobalSection
	GlobalSection(ProjectConfigurationPlatforms) = postSolution
		{46FBD4C9-611D-47DA-A579-85C666CD7CAC}.Debug|Any CPU.ActiveCfg = Debug|Any CPU
		{46FBD4C9-611D-47DA-A579-85C666CD7CAC}.Debug|Any CPU.Build.0 = Debug|Any CPU
		{46FBD4C9-611D-47DA-A579-85C666CD7CAC}.Release|Any CPU.ActiveCfg = Release|Any CPU
		{46FBD4C9-611D-47DA-A579-85C666CD7CAC}.Release|Any CPU.Build.0 = Release|Any CPU
	EndGlobalSection
	GlobalSection(SolutionProperties) = preSolution
		HideSolutionNode = FALSE
	EndGlobalSection
	GlobalSection(ExtensibilityGlobals) = postSolution
		SolutionGuid = {7E53C41B-9097-4B83-808D-5EC95743AA38}
	EndGlobalSection
EndGlobal
